// !$*UTF8*$!
{
	archiveVersion = 1;
	classes = {
	};
	objectVersion = 50;
	objects = {

/* Begin PBXBuildFile section */
		D1447EDE2228F2EB00DB7CD0 /* 1-19.c in Sources */ = {isa = PBXBuildFile; fileRef = D1447EC82228F29500DB7CD0 /* 1-19.c */; };
/* End PBXBuildFile section */

/* Begin PBXCopyFilesBuildPhase section */
		D1447EB42228F23E00DB7CD0 /* CopyFiles */ = {
			isa = PBXCopyFilesBuildPhase;
			buildActionMask = 2147483647;
			dstPath = /usr/share/man/man1/;
			dstSubfolderSpec = 0;
			files = (
			);
			runOnlyForDeploymentPostprocessing = 1;
		};
/* End PBXCopyFilesBuildPhase section */

/* Begin PBXFileReference section */
		D1447EB62228F23E00DB7CD0 /* The-C-Programming-Language-Exercise-Solutions */ = {isa = PBXFileReference; explicitFileType = "compiled.mach-o.executable"; includeInIndex = 0; path = "The-C-Programming-Language-Exercise-Solutions"; sourceTree = BUILT_PRODUCTS_DIR; };
		D1447EC02228F29400DB7CD0 /* 1-13.c */ = {isa = PBXFileReference; fileEncoding = 4; lastKnownFileType = sourcecode.c.c; name = "1-13.c"; path = "ch_1/1-13.c"; sourceTree = "<group>"; };
		D1447EC12228F29400DB7CD0 /* 1-18.c */ = {isa = PBXFileReference; fileEncoding = 4; lastKnownFileType = sourcecode.c.c; name = "1-18.c"; path = "ch_1/1-18.c"; sourceTree = "<group>"; };
		D1447EC22228F29400DB7CD0 /* 1-15.c */ = {isa = PBXFileReference; fileEncoding = 4; lastKnownFileType = sourcecode.c.c; name = "1-15.c"; path = "ch_1/1-15.c"; sourceTree = "<group>"; };
		D1447EC32228F29400DB7CD0 /* 1.c */ = {isa = PBXFileReference; fileEncoding = 4; lastKnownFileType = sourcecode.c.c; name = 1.c; path = ch_1/1.c; sourceTree = "<group>"; };
		D1447EC42228F29400DB7CD0 /* 1-10.c */ = {isa = PBXFileReference; fileEncoding = 4; lastKnownFileType = sourcecode.c.c; name = "1-10.c"; path = "ch_1/1-10.c"; sourceTree = "<group>"; };
		D1447EC52228F29400DB7CD0 /* 1-8.c */ = {isa = PBXFileReference; fileEncoding = 4; lastKnownFileType = sourcecode.c.c; name = "1-8.c"; path = "ch_1/1-8.c"; sourceTree = "<group>"; };
		D1447EC62228F29500DB7CD0 /* 1-14.c */ = {isa = PBXFileReference; fileEncoding = 4; lastKnownFileType = sourcecode.c.c; name = "1-14.c"; path = "ch_1/1-14.c"; sourceTree = "<group>"; };
		D1447EC72228F29500DB7CD0 /* 1-7.c */ = {isa = PBXFileReference; fileEncoding = 4; lastKnownFileType = sourcecode.c.c; name = "1-7.c"; path = "ch_1/1-7.c"; sourceTree = "<group>"; };
		D1447EC82228F29500DB7CD0 /* 1-19.c */ = {isa = PBXFileReference; fileEncoding = 4; lastKnownFileType = sourcecode.c.c; name = "1-19.c"; path = "ch_1/1-19.c"; sourceTree = "<group>"; };
		D1447EC92228F29500DB7CD0 /* 3.c */ = {isa = PBXFileReference; fileEncoding = 4; lastKnownFileType = sourcecode.c.c; name = 3.c; path = ch_1/3.c; sourceTree = "<group>"; };
		D1447ECA2228F29500DB7CD0 /* 1-12.c */ = {isa = PBXFileReference; fileEncoding = 4; lastKnownFileType = sourcecode.c.c; name = "1-12.c"; path = "ch_1/1-12.c"; sourceTree = "<group>"; };
		D1447ECB2228F29500DB7CD0 /* 1-17.c */ = {isa = PBXFileReference; fileEncoding = 4; lastKnownFileType = sourcecode.c.c; name = "1-17.c"; path = "ch_1/1-17.c"; sourceTree = "<group>"; };
		D1447ECC2228F29500DB7CD0 /* 1-9.c */ = {isa = PBXFileReference; fileEncoding = 4; lastKnownFileType = sourcecode.c.c; name = "1-9.c"; path = "ch_1/1-9.c"; sourceTree = "<group>"; };
		D1447ECD2228F29500DB7CD0 /* 1-3-4.c */ = {isa = PBXFileReference; fileEncoding = 4; lastKnownFileType = sourcecode.c.c; name = "1-3-4.c"; path = "ch_1/1-3-4.c"; sourceTree = "<group>"; };
		D1447ECE2228F29500DB7CD0 /* 1-16.c */ = {isa = PBXFileReference; fileEncoding = 4; lastKnownFileType = sourcecode.c.c; name = "1-16.c"; path = "ch_1/1-16.c"; sourceTree = "<group>"; };
		D1A261182228F55B0046773C /* ch_1 */ = {isa = PBXFileReference; lastKnownFileType = folder; path = ch_1; sourceTree = "<group>"; };
/* End PBXFileReference section */

/* Begin PBXFrameworksBuildPhase section */
		D1447EB32228F23E00DB7CD0 /* Frameworks */ = {
			isa = PBXFrameworksBuildPhase;
			buildActionMask = 2147483647;
			files = (
			);
			runOnlyForDeploymentPostprocessing = 0;
		};
/* End PBXFrameworksBuildPhase section */

/* Begin PBXGroup section */
		D1447EAD2228F23E00DB7CD0 = {
			isa = PBXGroup;
			children = (
				D1A261182228F55B0046773C /* ch_1 */,
				D1447ECD2228F29500DB7CD0 /* 1-3-4.c */,
				D1447EC72228F29500DB7CD0 /* 1-7.c */,
				D1447EC52228F29400DB7CD0 /* 1-8.c */,
				D1447ECC2228F29500DB7CD0 /* 1-9.c */,
				D1447EC42228F29400DB7CD0 /* 1-10.c */,
				D1447ECA2228F29500DB7CD0 /* 1-12.c */,
				D1447EC02228F29400DB7CD0 /* 1-13.c */,
				D1447EC62228F29500DB7CD0 /* 1-14.c */,
				D1447EC22228F29400DB7CD0 /* 1-15.c */,
				D1447ECE2228F29500DB7CD0 /* 1-16.c */,
				D1447ECB2228F29500DB7CD0 /* 1-17.c */,
				D1447EC12228F29400DB7CD0 /* 1-18.c */,
				D1447EC82228F29500DB7CD0 /* 1-19.c */,
				D1447EC32228F29400DB7CD0 /* 1.c */,
				D1447EC92228F29500DB7CD0 /* 3.c */,
				D1447EB82228F23E00DB7CD0 /* The-C-Programming-Language-Exercise-Solutions */,
				D1447EB72228F23E00DB7CD0 /* Products */,
			);
			sourceTree = "<group>";
		};
		D1447EB72228F23E00DB7CD0 /* Products */ = {
			isa = PBXGroup;
			children = (
				D1447EB62228F23E00DB7CD0 /* The-C-Programming-Language-Exercise-Solutions */,
			);
			name = Products;
			sourceTree = "<group>";
		};
		D1447EB82228F23E00DB7CD0 /* The-C-Programming-Language-Exercise-Solutions */ = {
			isa = PBXGroup;
			children = (
			);
			path = "The-C-Programming-Language-Exercise-Solutions";
			sourceTree = "<group>";
		};
/* End PBXGroup section */

/* Begin PBXNativeTarget section */
		D1447EB52228F23E00DB7CD0 /* The-C-Programming-Language-Exercise-Solutions */ = {
			isa = PBXNativeTarget;
			buildConfigurationList = D1447EBD2228F23E00DB7CD0 /* Build configuration list for PBXNativeTarget "The-C-Programming-Language-Exercise-Solutions" */;
			buildPhases = (
				D1447EB22228F23E00DB7CD0 /* Sources */,
				D1447EB32228F23E00DB7CD0 /* Frameworks */,
				D1447EB42228F23E00DB7CD0 /* CopyFiles */,
			);
			buildRules = (
			);
			dependencies = (
			);
			name = "The-C-Programming-Language-Exercise-Solutions";
			productName = "The-C-Programming-Language-Exercise-Solutions";
			productReference = D1447EB62228F23E00DB7CD0 /* The-C-Programming-Language-Exercise-Solutions */;
			productType = "com.apple.product-type.tool";
		};
/* End PBXNativeTarget section */

/* Begin PBXProject section */
		D1447EAE2228F23E00DB7CD0 /* Project object */ = {
			isa = PBXProject;
			attributes = {
				LastUpgradeCheck = 1010;
				ORGANIZATIONNAME = Miroslav;
				TargetAttributes = {
					D1447EB52228F23E00DB7CD0 = {
						CreatedOnToolsVersion = 10.1;
					};
				};
			};
			buildConfigurationList = D1447EB12228F23E00DB7CD0 /* Build configuration list for PBXProject "The-C-Programming-Language-Exercise-Solutions" */;
			compatibilityVersion = "Xcode 9.3";
			developmentRegion = en;
			hasScannedForEncodings = 0;
			knownRegions = (
				en,
			);
			mainGroup = D1447EAD2228F23E00DB7CD0;
			productRefGroup = D1447EB72228F23E00DB7CD0 /* Products */;
			projectDirPath = "";
			projectRoot = "";
			targets = (
				D1447EB52228F23E00DB7CD0 /* The-C-Programming-Language-Exercise-Solutions */,
			);
		};
/* End PBXProject section */

/* Begin PBXSourcesBuildPhase section */
		D1447EB22228F23E00DB7CD0 /* Sources */ = {
			isa = PBXSourcesBuildPhase;
			buildActionMask = 2147483647;
			files = (
				D1447EDE2228F2EB00DB7CD0 /* 1-19.c in Sources */,
			);
			runOnlyForDeploymentPostprocessing = 0;
		};
/* End PBXSourcesBuildPhase section */

/* Begin XCBuildConfiguration section */
		D1447EBB2228F23E00DB7CD0 /* Debug */ = {
			isa = XCBuildConfiguration;
			buildSettings = {
				ALWAYS_SEARCH_USER_PATHS = NO;
				CLANG_ANALYZER_NONNULL = YES;
				CLANG_ANALYZER_NUMBER_OBJECT_CONVERSION = YES_AGGRESSIVE;
				CLANG_CXX_LANGUAGE_STANDARD = "gnu++14";
				CLANG_CXX_LIBRARY = "libc++";
				CLANG_ENABLE_MODULES = YES;
				CLANG_ENABLE_OBJC_ARC = YES;
				CLANG_ENABLE_OBJC_WEAK = YES;
				CLANG_WARN_BLOCK_CAPTURE_AUTORELEASING = YES;
				CLANG_WARN_BOOL_CONVERSION = YES;
				CLANG_WARN_COMMA = YES;
				CLANG_WARN_CONSTANT_CONVERSION = YES;
				CLANG_WARN_DEPRECATED_OBJC_IMPLEMENTATIONS = YES;
				CLANG_WARN_DIRECT_OBJC_ISA_USAGE = YES_ERROR;
				CLANG_WARN_DOCUMENTATION_COMMENTS = YES;
				CLANG_WARN_EMPTY_BODY = YES;
				CLANG_WARN_ENUM_CONVERSION = YES;
				CLANG_WARN_INFINITE_RECURSION = YES;
				CLANG_WARN_INT_CONVERSION = YES;
				CLANG_WARN_NON_LITERAL_NULL_CONVERSION = YES;
				CLANG_WARN_OBJC_IMPLICIT_RETAIN_SELF = YES;
				CLANG_WARN_OBJC_LITERAL_CONVERSION = YES;
				CLANG_WARN_OBJC_ROOT_CLASS = YES_ERROR;
				CLANG_WARN_RANGE_LOOP_ANALYSIS = YES;
				CLANG_WARN_STRICT_PROTOTYPES = YES;
				CLANG_WARN_SUSPICIOUS_MOVE = YES;
				CLANG_WARN_UNGUARDED_AVAILABILITY = YES_AGGRESSIVE;
				CLANG_WARN_UNREACHABLE_CODE = YES;
				CLANG_WARN__DUPLICATE_METHOD_MATCH = YES;
				CODE_SIGN_IDENTITY = "-";
				COPY_PHASE_STRIP = NO;
				DEBUG_INFORMATION_FORMAT = dwarf;
				ENABLE_STRICT_OBJC_MSGSEND = YES;
				ENABLE_TESTABILITY = YES;
				GCC_C_LANGUAGE_STANDARD = gnu11;
				GCC_DYNAMIC_NO_PIC = NO;
				GCC_NO_COMMON_BLOCKS = YES;
				GCC_OPTIMIZATION_LEVEL = 0;
				GCC_PREPROCESSOR_DEFINITIONS = (
					"DEBUG=1",
					"$(inherited)",
				);
				GCC_WARN_64_TO_32_BIT_CONVERSION = YES;
				GCC_WARN_ABOUT_RETURN_TYPE = YES_ERROR;
				GCC_WARN_UNDECLARED_SELECTOR = YES;
				GCC_WARN_UNINITIALIZED_AUTOS = YES_AGGRESSIVE;
				GCC_WARN_UNUSED_FUNCTION = YES;
				GCC_WARN_UNUSED_VARIABLE = YES;
				MACOSX_DEPLOYMENT_TARGET = 10.14;
				MTL_ENABLE_DEBUG_INFO = INCLUDE_SOURCE;
				MTL_FAST_MATH = YES;
				ONLY_ACTIVE_ARCH = YES;
				SDKROOT = macosx;
			};
			name = Debug;
		};
		D1447EBC2228F23E00DB7CD0 /* Release */ = {
			isa = XCBuildConfiguration;
			buildSettings = {
				ALWAYS_SEARCH_USER_PATHS = NO;
				CLANG_ANALYZER_NONNULL = YES;
				CLANG_ANALYZER_NUMBER_OBJECT_CONVERSION = YES_AGGRESSIVE;
				CLANG_CXX_LANGUAGE_STANDARD = "gnu++14";
				CLANG_CXX_LIBRARY = "libc++";
				CLANG_ENABLE_MODULES = YES;
				CLANG_ENABLE_OBJC_ARC = YES;
				CLANG_ENABLE_OBJC_WEAK = YES;
				CLANG_WARN_BLOCK_CAPTURE_AUTORELEASING = YES;
				CLANG_WARN_BOOL_CONVERSION = YES;
				CLANG_WARN_COMMA = YES;
				CLANG_WARN_CONSTANT_CONVERSION = YES;
				CLANG_WARN_DEPRECATED_OBJC_IMPLEMENTATIONS = YES;
				CLANG_WARN_DIRECT_OBJC_ISA_USAGE = YES_ERROR;
				CLANG_WARN_DOCUMENTATION_COMMENTS = YES;
				CLANG_WARN_EMPTY_BODY = YES;
				CLANG_WARN_ENUM_CONVERSION = YES;
				CLANG_WARN_INFINITE_RECURSION = YES;
				CLANG_WARN_INT_CONVERSION = YES;
				CLANG_WARN_NON_LITERAL_NULL_CONVERSION = YES;
				CLANG_WARN_OBJC_IMPLICIT_RETAIN_SELF = YES;
				CLANG_WARN_OBJC_LITERAL_CONVERSION = YES;
				CLANG_WARN_OBJC_ROOT_CLASS = YES_ERROR;
				CLANG_WARN_RANGE_LOOP_ANALYSIS = YES;
				CLANG_WARN_STRICT_PROTOTYPES = YES;
				CLANG_WARN_SUSPICIOUS_MOVE = YES;
				CLANG_WARN_UNGUARDED_AVAILABILITY = YES_AGGRESSIVE;
				CLANG_WARN_UNREACHABLE_CODE = YES;
				CLANG_WARN__DUPLICATE_METHOD_MATCH = YES;
				CODE_SIGN_IDENTITY = "-";
				COPY_PHASE_STRIP = NO;
				DEBUG_INFORMATION_FORMAT = "dwarf-with-dsym";
				ENABLE_NS_ASSERTIONS = NO;
				ENABLE_STRICT_OBJC_MSGSEND = YES;
				GCC_C_LANGUAGE_STANDARD = gnu11;
				GCC_NO_COMMON_BLOCKS = YES;
				GCC_WARN_64_TO_32_BIT_CONVERSION = YES;
				GCC_WARN_ABOUT_RETURN_TYPE = YES_ERROR;
				GCC_WARN_UNDECLARED_SELECTOR = YES;
				GCC_WARN_UNINITIALIZED_AUTOS = YES_AGGRESSIVE;
				GCC_WARN_UNUSED_FUNCTION = YES;
				GCC_WARN_UNUSED_VARIABLE = YES;
				MACOSX_DEPLOYMENT_TARGET = 10.14;
				MTL_ENABLE_DEBUG_INFO = NO;
				MTL_FAST_MATH = YES;
				SDKROOT = macosx;
			};
			name = Release;
		};
		D1447EBE2228F23E00DB7CD0 /* Debug */ = {
			isa = XCBuildConfiguration;
			buildSettings = {
				CODE_SIGN_STYLE = Automatic;
				PRODUCT_NAME = "$(TARGET_NAME)";
			};
			name = Debug;
		};
		D1447EBF2228F23E00DB7CD0 /* Release */ = {
			isa = XCBuildConfiguration;
			buildSettings = {
				CODE_SIGN_STYLE = Automatic;
				PRODUCT_NAME = "$(TARGET_NAME)";
			};
			name = Release;
		};
/* End XCBuildConfiguration section */

/* Begin XCConfigurationList section */
		D1447EB12228F23E00DB7CD0 /* Build configuration list for PBXProject "The-C-Programming-Language-Exercise-Solutions" */ = {
			isa = XCConfigurationList;
			buildConfigurations = (
				D1447EBB2228F23E00DB7CD0 /* Debug */,
				D1447EBC2228F23E00DB7CD0 /* Release */,
			);
			defaultConfigurationIsVisible = 0;
			defaultConfigurationName = Release;
		};
		D1447EBD2228F23E00DB7CD0 /* Build configuration list for PBXNativeTarget "The-C-Programming-Language-Exercise-Solutions" */ = {
			isa = XCConfigurationList;
			buildConfigurations = (
				D1447EBE2228F23E00DB7CD0 /* Debug */,
				D1447EBF2228F23E00DB7CD0 /* Release */,
			);
			defaultConfigurationIsVisible = 0;
			defaultConfigurationName = Release;
		};
/* End XCConfigurationList section */
	};
	rootObject = D1447EAE2228F23E00DB7CD0 /* Project object */;
}
